{
  "object": {
    "pins": [
      {
        "package": "Alamofire",
        "repositoryURL": "https://github.com/Alamofire/Alamofire.git",
        "state": {
          "branch": "master",
          "revision": "8dd85aee02e39dd280c75eef88ffdb86eed4b07b",
          "version": null
        }
      },
      {
        "package": "SDWebImage",
        "repositoryURL": "https://github.com/SDWebImage/SDWebImage.git",
        "state": {
          "branch": "master",
          "revision": "3e48cb68d8e668d146dc59c73fb98cb628616236",
          "version": null
        }
      },
      {
        "package": "SwiftyJSON",
        "repositoryURL": "https://github.com/SwiftyJSON/SwiftyJSON.git",
        "state": {
          "branch": "master",
          "revision": "b3dcd7dbd0d488e1a7077cb33b00f2083e382f07",
          "version": null
        }
      }
    ]
  },
  "version": 1
}
